<?xml version="1.0" encoding="UTF-8"?>
<!DOCTYPE plist PUBLIC "-//Apple//DTD PLIST 1.0//EN" "http://www.apple.com/DTDs/PropertyList-1.0.dtd">
<plist version="1.0">
<dict>
	<key>archiveVersion</key>
	<string>1</string>
	<key>classes</key>
	<dict/>
	<key>objectVersion</key>
	<string>46</string>
	<key>objects</key>
	<dict>
		<key>0D48CC7951C0F36CD68C7371</key>
		<dict>
			<key>buildActionMask</key>
			<string>2147483647</string>
			<key>files</key>
			<array/>
			<key>inputPaths</key>
			<array/>
			<key>isa</key>
			<string>PBXShellScriptBuildPhase</string>
			<key>name</key>
			<string>Copy Pods Resources</string>
			<key>outputPaths</key>
			<array/>
			<key>runOnlyForDeploymentPostprocessing</key>
			<string>0</string>
			<key>shellPath</key>
			<string>/bin/sh</string>
			<key>shellScript</key>
			<string>"${SRCROOT}/Pods/Target Support Files/Pods-TransactionApp/Pods-TransactionApp-resources.sh"
</string>
			<key>showEnvVarsInLog</key>
			<string>0</string>
		</dict>
		<key>2C038F4BAAAD1BC975841B93</key>
		<dict>
			<key>fileRef</key>
			<string>CDF6EC2C8D46F1DA89406F48</string>
			<key>isa</key>
			<string>PBXBuildFile</string>
		</dict>
		<key>34B7F725B9712695B9ED9330</key>
		<dict>
			<key>buildActionMask</key>
			<string>2147483647</string>
			<key>files</key>
			<array/>
			<key>inputPaths</key>
			<array/>
			<key>isa</key>
			<string>PBXShellScriptBuildPhase</string>
			<key>name</key>
			<string>Check Pods Manifest.lock</string>
			<key>outputPaths</key>
			<array/>
			<key>runOnlyForDeploymentPostprocessing</key>
			<string>0</string>
			<key>shellPath</key>
			<string>/bin/sh</string>
			<key>shellScript</key>
			<string>diff "${PODS_ROOT}/../Podfile.lock" "${PODS_ROOT}/Manifest.lock" &gt; /dev/null
if [[ $? != 0 ]] ; then
    cat &lt;&lt; EOM
error: The sandbox is not in sync with the Podfile.lock. Run 'pod install' or update your CocoaPods installation.
EOM
    exit 1
fi
</string>
			<key>showEnvVarsInLog</key>
			<string>0</string>
		</dict>
		<key>3C8AB9AEADB0124FF60A2D3C</key>
		<dict>
			<key>children</key>
			<array>
				<string>CDF6EC2C8D46F1DA89406F48</string>
			</array>
			<key>isa</key>
			<string>PBXGroup</string>
			<key>name</key>
			<string>Frameworks</string>
			<key>sourceTree</key>
			<string>&lt;group&gt;</string>
		</dict>
		<key>474F76C01C3AA86500684A59</key>
		<dict>
			<key>children</key>
			<array>
				<string>474F76CB1C3AA86500684A59</string>
				<string>474F76E51C3AA86500684A59</string>
				<string>474F76F01C3AA86500684A59</string>
				<string>474F76CA1C3AA86500684A59</string>
				<string>E22219DA6589C6C9805FF665</string>
				<string>3C8AB9AEADB0124FF60A2D3C</string>
			</array>
			<key>isa</key>
			<string>PBXGroup</string>
			<key>sourceTree</key>
			<string>&lt;group&gt;</string>
		</dict>
		<key>474F76C11C3AA86500684A59</key>
		<dict>
			<key>attributes</key>
			<dict>
				<key>LastUpgradeCheck</key>
				<string>0710</string>
				<key>ORGANIZATIONNAME</key>
				<string>Mihai</string>
				<key>TargetAttributes</key>
				<dict>
					<key>474F76C81C3AA86500684A59</key>
					<dict>
						<key>CreatedOnToolsVersion</key>
						<string>7.1.1</string>
					</dict>
					<key>474F76E11C3AA86500684A59</key>
					<dict>
						<key>CreatedOnToolsVersion</key>
						<string>7.1.1</string>
						<key>TestTargetID</key>
						<string>474F76C81C3AA86500684A59</string>
					</dict>
					<key>474F76EC1C3AA86500684A59</key>
					<dict>
						<key>CreatedOnToolsVersion</key>
						<string>7.1.1</string>
						<key>TestTargetID</key>
						<string>474F76C81C3AA86500684A59</string>
					</dict>
				</dict>
			</dict>
			<key>buildConfigurationList</key>
			<string>474F76C41C3AA86500684A59</string>
			<key>compatibilityVersion</key>
			<string>Xcode 3.2</string>
			<key>developmentRegion</key>
			<string>English</string>
			<key>hasScannedForEncodings</key>
			<string>0</string>
			<key>isa</key>
			<string>PBXProject</string>
			<key>knownRegions</key>
			<array>
				<string>en</string>
				<string>Base</string>
			</array>
			<key>mainGroup</key>
			<string>474F76C01C3AA86500684A59</string>
			<key>productRefGroup</key>
			<string>474F76CA1C3AA86500684A59</string>
			<key>projectDirPath</key>
			<string></string>
			<key>projectReferences</key>
			<array/>
			<key>projectRoot</key>
			<string></string>
			<key>targets</key>
			<array>
				<string>474F76C81C3AA86500684A59</string>
				<string>474F76E11C3AA86500684A59</string>
				<string>474F76EC1C3AA86500684A59</string>
			</array>
		</dict>
		<key>474F76C41C3AA86500684A59</key>
		<dict>
			<key>buildConfigurations</key>
			<array>
				<string>474F76F41C3AA86500684A59</string>
				<string>474F76F51C3AA86500684A59</string>
			</array>
			<key>defaultConfigurationIsVisible</key>
			<string>0</string>
			<key>defaultConfigurationName</key>
			<string>Release</string>
			<key>isa</key>
			<string>XCConfigurationList</string>
		</dict>
		<key>474F76C51C3AA86500684A59</key>
		<dict>
			<key>buildActionMask</key>
			<string>2147483647</string>
			<key>files</key>
			<array>
				<string>474F76D41C3AA86500684A59</string>
				<string>474F77011C3AA90E00684A59</string>
				<string>474F76D11C3AA86500684A59</string>
				<string>474F76CE1C3AA86500684A59</string>
			</array>
			<key>isa</key>
			<string>PBXSourcesBuildPhase</string>
			<key>runOnlyForDeploymentPostprocessing</key>
			<string>0</string>
		</dict>
		<key>474F76C61C3AA86500684A59</key>
		<dict>
			<key>buildActionMask</key>
			<string>2147483647</string>
			<key>files</key>
			<array>
				<string>2C038F4BAAAD1BC975841B93</string>
			</array>
			<key>isa</key>
			<string>PBXFrameworksBuildPhase</string>
			<key>runOnlyForDeploymentPostprocessing</key>
			<string>0</string>
		</dict>
		<key>474F76C71C3AA86500684A59</key>
		<dict>
			<key>buildActionMask</key>
			<string>2147483647</string>
			<key>files</key>
			<array>
				<string>474F76DC1C3AA86500684A59</string>
				<string>474F76D91C3AA86500684A59</string>
				<string>474F76D71C3AA86500684A59</string>
			</array>
			<key>isa</key>
			<string>PBXResourcesBuildPhase</string>
			<key>runOnlyForDeploymentPostprocessing</key>
			<string>0</string>
		</dict>
		<key>474F76C81C3AA86500684A59</key>
		<dict>
			<key>buildConfigurationList</key>
			<string>474F76F61C3AA86500684A59</string>
			<key>buildPhases</key>
			<array>
				<string>34B7F725B9712695B9ED9330</string>
				<string>474F76C51C3AA86500684A59</string>
				<string>474F76C61C3AA86500684A59</string>
				<string>474F76C71C3AA86500684A59</string>
				<string>A88EF289A40B59877A4B6F57</string>
				<string>0D48CC7951C0F36CD68C7371</string>
			</array>
			<key>buildRules</key>
			<array/>
			<key>dependencies</key>
			<array/>
			<key>isa</key>
			<string>PBXNativeTarget</string>
			<key>name</key>
			<string>TransactionApp</string>
			<key>productName</key>
			<string>TransactionApp</string>
			<key>productReference</key>
			<string>474F76C91C3AA86500684A59</string>
			<key>productType</key>
			<string>com.apple.product-type.application</string>
		</dict>
		<key>474F76C91C3AA86500684A59</key>
		<dict>
			<key>explicitFileType</key>
			<string>wrapper.application</string>
			<key>includeInIndex</key>
			<string>0</string>
			<key>isa</key>
			<string>PBXFileReference</string>
			<key>path</key>
			<string>TransactionApp.app</string>
			<key>sourceTree</key>
			<string>BUILT_PRODUCTS_DIR</string>
		</dict>
		<key>474F76CA1C3AA86500684A59</key>
		<dict>
			<key>children</key>
			<array>
				<string>474F76C91C3AA86500684A59</string>
				<string>474F76E21C3AA86500684A59</string>
				<string>474F76ED1C3AA86500684A59</string>
			</array>
			<key>isa</key>
			<string>PBXGroup</string>
			<key>name</key>
			<string>Products</string>
			<key>sourceTree</key>
			<string>&lt;group&gt;</string>
		</dict>
		<key>474F76CB1C3AA86500684A59</key>
		<dict>
			<key>children</key>
			<array>
				<string>474F76CF1C3AA86500684A59</string>
				<string>474F76D01C3AA86500684A59</string>
				<string>474F76D21C3AA86500684A59</string>
				<string>474F76D31C3AA86500684A59</string>
				<string>474F76FF1C3AA90E00684A59</string>
				<string>474F77001C3AA90E00684A59</string>
				<string>474F76D51C3AA86500684A59</string>
				<string>474F76D81C3AA86500684A59</string>
				<string>474F76DA1C3AA86500684A59</string>
				<string>474F76DD1C3AA86500684A59</string>
				<string>474F76CC1C3AA86500684A59</string>
			</array>
			<key>isa</key>
			<string>PBXGroup</string>
			<key>path</key>
			<string>TransactionApp</string>
			<key>sourceTree</key>
			<string>&lt;group&gt;</string>
		</dict>
		<key>474F76CC1C3AA86500684A59</key>
		<dict>
			<key>children</key>
			<array>
				<string>474F76CD1C3AA86500684A59</string>
			</array>
			<key>isa</key>
			<string>PBXGroup</string>
			<key>name</key>
			<string>Supporting Files</string>
			<key>sourceTree</key>
			<string>&lt;group&gt;</string>
		</dict>
		<key>474F76CD1C3AA86500684A59</key>
		<dict>
			<key>isa</key>
			<string>PBXFileReference</string>
			<key>lastKnownFileType</key>
			<string>sourcecode.c.objc</string>
			<key>path</key>
			<string>main.m</string>
			<key>sourceTree</key>
			<string>&lt;group&gt;</string>
		</dict>
		<key>474F76CE1C3AA86500684A59</key>
		<dict>
			<key>fileRef</key>
			<string>474F76CD1C3AA86500684A59</string>
			<key>isa</key>
			<string>PBXBuildFile</string>
		</dict>
		<key>474F76CF1C3AA86500684A59</key>
		<dict>
			<key>isa</key>
			<string>PBXFileReference</string>
			<key>lastKnownFileType</key>
			<string>sourcecode.c.h</string>
			<key>path</key>
			<string>AppDelegate.h</string>
			<key>sourceTree</key>
			<string>&lt;group&gt;</string>
		</dict>
		<key>474F76D01C3AA86500684A59</key>
		<dict>
			<key>isa</key>
			<string>PBXFileReference</string>
			<key>lastKnownFileType</key>
			<string>sourcecode.c.objc</string>
			<key>path</key>
			<string>AppDelegate.m</string>
			<key>sourceTree</key>
			<string>&lt;group&gt;</string>
		</dict>
		<key>474F76D11C3AA86500684A59</key>
		<dict>
			<key>fileRef</key>
			<string>474F76D01C3AA86500684A59</string>
			<key>isa</key>
			<string>PBXBuildFile</string>
		</dict>
		<key>474F76D21C3AA86500684A59</key>
		<dict>
			<key>isa</key>
			<string>PBXFileReference</string>
			<key>lastKnownFileType</key>
			<string>sourcecode.c.h</string>
			<key>path</key>
			<string>ViewController.h</string>
			<key>sourceTree</key>
			<string>&lt;group&gt;</string>
		</dict>
		<key>474F76D31C3AA86500684A59</key>
		<dict>
			<key>isa</key>
			<string>PBXFileReference</string>
			<key>lastKnownFileType</key>
			<string>sourcecode.c.objc</string>
			<key>path</key>
			<string>ViewController.m</string>
			<key>sourceTree</key>
			<string>&lt;group&gt;</string>
		</dict>
		<key>474F76D41C3AA86500684A59</key>
		<dict>
			<key>fileRef</key>
			<string>474F76D31C3AA86500684A59</string>
			<key>isa</key>
			<string>PBXBuildFile</string>
		</dict>
		<key>474F76D51C3AA86500684A59</key>
		<dict>
			<key>children</key>
			<array>
				<string>474F76D61C3AA86500684A59</string>
			</array>
			<key>isa</key>
			<string>PBXVariantGroup</string>
			<key>name</key>
			<string>Main.storyboard</string>
			<key>sourceTree</key>
			<string>&lt;group&gt;</string>
		</dict>
		<key>474F76D61C3AA86500684A59</key>
		<dict>
			<key>isa</key>
			<string>PBXFileReference</string>
			<key>lastKnownFileType</key>
			<string>file.storyboard</string>
			<key>name</key>
			<string>Base</string>
			<key>path</key>
			<string>Base.lproj/Main.storyboard</string>
			<key>sourceTree</key>
			<string>&lt;group&gt;</string>
		</dict>
		<key>474F76D71C3AA86500684A59</key>
		<dict>
			<key>fileRef</key>
			<string>474F76D51C3AA86500684A59</string>
			<key>isa</key>
			<string>PBXBuildFile</string>
		</dict>
		<key>474F76D81C3AA86500684A59</key>
		<dict>
			<key>isa</key>
			<string>PBXFileReference</string>
			<key>lastKnownFileType</key>
			<string>folder.assetcatalog</string>
			<key>path</key>
			<string>Assets.xcassets</string>
			<key>sourceTree</key>
			<string>&lt;group&gt;</string>
		</dict>
		<key>474F76D91C3AA86500684A59</key>
		<dict>
			<key>fileRef</key>
			<string>474F76D81C3AA86500684A59</string>
			<key>isa</key>
			<string>PBXBuildFile</string>
		</dict>
		<key>474F76DA1C3AA86500684A59</key>
		<dict>
			<key>children</key>
			<array>
				<string>474F76DB1C3AA86500684A59</string>
			</array>
			<key>isa</key>
			<string>PBXVariantGroup</string>
			<key>name</key>
			<string>LaunchScreen.storyboard</string>
			<key>sourceTree</key>
			<string>&lt;group&gt;</string>
		</dict>
		<key>474F76DB1C3AA86500684A59</key>
		<dict>
			<key>isa</key>
			<string>PBXFileReference</string>
			<key>lastKnownFileType</key>
			<string>file.storyboard</string>
			<key>name</key>
			<string>Base</string>
			<key>path</key>
			<string>Base.lproj/LaunchScreen.storyboard</string>
			<key>sourceTree</key>
			<string>&lt;group&gt;</string>
		</dict>
		<key>474F76DC1C3AA86500684A59</key>
		<dict>
			<key>fileRef</key>
			<string>474F76DA1C3AA86500684A59</string>
			<key>isa</key>
			<string>PBXBuildFile</string>
		</dict>
		<key>474F76DD1C3AA86500684A59</key>
		<dict>
			<key>isa</key>
			<string>PBXFileReference</string>
			<key>lastKnownFileType</key>
			<string>text.plist.xml</string>
			<key>path</key>
			<string>Info.plist</string>
			<key>sourceTree</key>
			<string>&lt;group&gt;</string>
		</dict>
		<key>474F76DE1C3AA86500684A59</key>
		<dict>
			<key>buildActionMask</key>
			<string>2147483647</string>
			<key>files</key>
			<array>
				<string>474F76E71C3AA86500684A59</string>
			</array>
			<key>isa</key>
			<string>PBXSourcesBuildPhase</string>
			<key>runOnlyForDeploymentPostprocessing</key>
			<string>0</string>
		</dict>
		<key>474F76DF1C3AA86500684A59</key>
		<dict>
			<key>buildActionMask</key>
			<string>2147483647</string>
			<key>files</key>
			<array/>
			<key>isa</key>
			<string>PBXFrameworksBuildPhase</string>
			<key>runOnlyForDeploymentPostprocessing</key>
			<string>0</string>
		</dict>
		<key>474F76E01C3AA86500684A59</key>
		<dict>
			<key>buildActionMask</key>
			<string>2147483647</string>
			<key>files</key>
			<array/>
			<key>isa</key>
			<string>PBXResourcesBuildPhase</string>
			<key>runOnlyForDeploymentPostprocessing</key>
			<string>0</string>
		</dict>
		<key>474F76E11C3AA86500684A59</key>
		<dict>
			<key>buildConfigurationList</key>
			<string>474F76F91C3AA86500684A59</string>
			<key>buildPhases</key>
			<array>
				<string>474F76DE1C3AA86500684A59</string>
				<string>474F76DF1C3AA86500684A59</string>
				<string>474F76E01C3AA86500684A59</string>
			</array>
			<key>buildRules</key>
			<array/>
			<key>dependencies</key>
			<array>
				<string>474F76E41C3AA86500684A59</string>
			</array>
			<key>isa</key>
			<string>PBXNativeTarget</string>
			<key>name</key>
			<string>TransactionAppTests</string>
			<key>productName</key>
			<string>TransactionAppTests</string>
			<key>productReference</key>
			<string>474F76E21C3AA86500684A59</string>
			<key>productType</key>
			<string>com.apple.product-type.bundle.unit-test</string>
		</dict>
		<key>474F76E21C3AA86500684A59</key>
		<dict>
			<key>explicitFileType</key>
			<string>wrapper.cfbundle</string>
			<key>includeInIndex</key>
			<string>0</string>
			<key>isa</key>
			<string>PBXFileReference</string>
			<key>path</key>
			<string>TransactionAppTests.xctest</string>
			<key>sourceTree</key>
			<string>BUILT_PRODUCTS_DIR</string>
		</dict>
		<key>474F76E31C3AA86500684A59</key>
		<dict>
			<key>containerPortal</key>
			<string>474F76C11C3AA86500684A59</string>
			<key>isa</key>
			<string>PBXContainerItemProxy</string>
			<key>proxyType</key>
			<string>1</string>
			<key>remoteGlobalIDString</key>
			<string>474F76C81C3AA86500684A59</string>
			<key>remoteInfo</key>
			<string>TransactionApp</string>
		</dict>
		<key>474F76E41C3AA86500684A59</key>
		<dict>
			<key>isa</key>
			<string>PBXTargetDependency</string>
			<key>target</key>
			<string>474F76C81C3AA86500684A59</string>
			<key>targetProxy</key>
			<string>474F76E31C3AA86500684A59</string>
		</dict>
		<key>474F76E51C3AA86500684A59</key>
		<dict>
			<key>children</key>
			<array>
				<string>474F76E61C3AA86500684A59</string>
				<string>474F76E81C3AA86500684A59</string>
			</array>
			<key>isa</key>
			<string>PBXGroup</string>
			<key>path</key>
			<string>TransactionAppTests</string>
			<key>sourceTree</key>
			<string>&lt;group&gt;</string>
		</dict>
		<key>474F76E61C3AA86500684A59</key>
		<dict>
			<key>isa</key>
			<string>PBXFileReference</string>
			<key>lastKnownFileType</key>
			<string>sourcecode.c.objc</string>
			<key>path</key>
			<string>TransactionAppTests.m</string>
			<key>sourceTree</key>
			<string>&lt;group&gt;</string>
		</dict>
		<key>474F76E71C3AA86500684A59</key>
		<dict>
			<key>fileRef</key>
			<string>474F76E61C3AA86500684A59</string>
			<key>isa</key>
			<string>PBXBuildFile</string>
		</dict>
		<key>474F76E81C3AA86500684A59</key>
		<dict>
			<key>isa</key>
			<string>PBXFileReference</string>
			<key>lastKnownFileType</key>
			<string>text.plist.xml</string>
			<key>path</key>
			<string>Info.plist</string>
			<key>sourceTree</key>
			<string>&lt;group&gt;</string>
		</dict>
		<key>474F76E91C3AA86500684A59</key>
		<dict>
			<key>buildActionMask</key>
			<string>2147483647</string>
			<key>files</key>
			<array>
				<string>474F76F21C3AA86500684A59</string>
			</array>
			<key>isa</key>
			<string>PBXSourcesBuildPhase</string>
			<key>runOnlyForDeploymentPostprocessing</key>
			<string>0</string>
		</dict>
		<key>474F76EA1C3AA86500684A59</key>
		<dict>
			<key>buildActionMask</key>
			<string>2147483647</string>
			<key>files</key>
			<array/>
			<key>isa</key>
			<string>PBXFrameworksBuildPhase</string>
			<key>runOnlyForDeploymentPostprocessing</key>
			<string>0</string>
		</dict>
		<key>474F76EB1C3AA86500684A59</key>
		<dict>
			<key>buildActionMask</key>
			<string>2147483647</string>
			<key>files</key>
			<array/>
			<key>isa</key>
			<string>PBXResourcesBuildPhase</string>
			<key>runOnlyForDeploymentPostprocessing</key>
			<string>0</string>
		</dict>
		<key>474F76EC1C3AA86500684A59</key>
		<dict>
			<key>buildConfigurationList</key>
			<string>474F76FC1C3AA86500684A59</string>
			<key>buildPhases</key>
			<array>
				<string>474F76E91C3AA86500684A59</string>
				<string>474F76EA1C3AA86500684A59</string>
				<string>474F76EB1C3AA86500684A59</string>
			</array>
			<key>buildRules</key>
			<array/>
			<key>dependencies</key>
			<array>
				<string>474F76EF1C3AA86500684A59</string>
			</array>
			<key>isa</key>
			<string>PBXNativeTarget</string>
			<key>name</key>
			<string>TransactionAppUITests</string>
			<key>productName</key>
			<string>TransactionAppUITests</string>
			<key>productReference</key>
			<string>474F76ED1C3AA86500684A59</string>
			<key>productType</key>
			<string>com.apple.product-type.bundle.ui-testing</string>
		</dict>
		<key>474F76ED1C3AA86500684A59</key>
		<dict>
			<key>explicitFileType</key>
			<string>wrapper.cfbundle</string>
			<key>includeInIndex</key>
			<string>0</string>
			<key>isa</key>
			<string>PBXFileReference</string>
			<key>path</key>
			<string>TransactionAppUITests.xctest</string>
			<key>sourceTree</key>
			<string>BUILT_PRODUCTS_DIR</string>
		</dict>
		<key>474F76EE1C3AA86500684A59</key>
		<dict>
			<key>containerPortal</key>
			<string>474F76C11C3AA86500684A59</string>
			<key>isa</key>
			<string>PBXContainerItemProxy</string>
			<key>proxyType</key>
			<string>1</string>
			<key>remoteGlobalIDString</key>
			<string>474F76C81C3AA86500684A59</string>
			<key>remoteInfo</key>
			<string>TransactionApp</string>
		</dict>
		<key>474F76EF1C3AA86500684A59</key>
		<dict>
			<key>isa</key>
			<string>PBXTargetDependency</string>
			<key>target</key>
			<string>474F76C81C3AA86500684A59</string>
			<key>targetProxy</key>
			<string>474F76EE1C3AA86500684A59</string>
		</dict>
		<key>474F76F01C3AA86500684A59</key>
		<dict>
			<key>children</key>
			<array>
				<string>474F76F11C3AA86500684A59</string>
				<string>474F76F31C3AA86500684A59</string>
			</array>
			<key>isa</key>
			<string>PBXGroup</string>
			<key>path</key>
			<string>TransactionAppUITests</string>
			<key>sourceTree</key>
			<string>&lt;group&gt;</string>
		</dict>
		<key>474F76F11C3AA86500684A59</key>
		<dict>
			<key>isa</key>
			<string>PBXFileReference</string>
			<key>lastKnownFileType</key>
			<string>sourcecode.c.objc</string>
			<key>path</key>
			<string>TransactionAppUITests.m</string>
			<key>sourceTree</key>
			<string>&lt;group&gt;</string>
		</dict>
		<key>474F76F21C3AA86500684A59</key>
		<dict>
			<key>fileRef</key>
			<string>474F76F11C3AA86500684A59</string>
			<key>isa</key>
			<string>PBXBuildFile</string>
		</dict>
		<key>474F76F31C3AA86500684A59</key>
		<dict>
			<key>isa</key>
			<string>PBXFileReference</string>
			<key>lastKnownFileType</key>
			<string>text.plist.xml</string>
			<key>path</key>
			<string>Info.plist</string>
			<key>sourceTree</key>
			<string>&lt;group&gt;</string>
		</dict>
		<key>474F76F41C3AA86500684A59</key>
		<dict>
			<key>buildSettings</key>
			<dict>
				<key>ALWAYS_SEARCH_USER_PATHS</key>
				<string>NO</string>
				<key>CLANG_CXX_LANGUAGE_STANDARD</key>
				<string>gnu++0x</string>
				<key>CLANG_CXX_LIBRARY</key>
				<string>libc++</string>
				<key>CLANG_ENABLE_MODULES</key>
				<string>YES</string>
				<key>CLANG_ENABLE_OBJC_ARC</key>
				<string>YES</string>
				<key>CLANG_WARN_BOOL_CONVERSION</key>
				<string>YES</string>
				<key>CLANG_WARN_CONSTANT_CONVERSION</key>
				<string>YES</string>
				<key>CLANG_WARN_DIRECT_OBJC_ISA_USAGE</key>
				<string>YES_ERROR</string>
				<key>CLANG_WARN_EMPTY_BODY</key>
				<string>YES</string>
				<key>CLANG_WARN_ENUM_CONVERSION</key>
				<string>YES</string>
				<key>CLANG_WARN_INT_CONVERSION</key>
				<string>YES</string>
				<key>CLANG_WARN_OBJC_ROOT_CLASS</key>
				<string>YES_ERROR</string>
				<key>CLANG_WARN_UNREACHABLE_CODE</key>
				<string>YES</string>
				<key>CLANG_WARN__DUPLICATE_METHOD_MATCH</key>
				<string>YES</string>
				<key>CODE_SIGN_IDENTITY[sdk=iphoneos*]</key>
				<string>iPhone Developer</string>
				<key>COPY_PHASE_STRIP</key>
				<string>NO</string>
				<key>DEBUG_INFORMATION_FORMAT</key>
				<string>dwarf</string>
				<key>ENABLE_STRICT_OBJC_MSGSEND</key>
				<string>YES</string>
				<key>ENABLE_TESTABILITY</key>
				<string>YES</string>
				<key>GCC_C_LANGUAGE_STANDARD</key>
				<string>gnu99</string>
				<key>GCC_DYNAMIC_NO_PIC</key>
				<string>NO</string>
				<key>GCC_NO_COMMON_BLOCKS</key>
				<string>YES</string>
				<key>GCC_OPTIMIZATION_LEVEL</key>
				<string>0</string>
				<key>GCC_PREPROCESSOR_DEFINITIONS</key>
				<array>
					<string>DEBUG=1</string>
					<string>$(inherited)</string>
				</array>
				<key>GCC_WARN_64_TO_32_BIT_CONVERSION</key>
				<string>YES</string>
				<key>GCC_WARN_ABOUT_RETURN_TYPE</key>
				<string>YES_ERROR</string>
				<key>GCC_WARN_UNDECLARED_SELECTOR</key>
				<string>YES</string>
				<key>GCC_WARN_UNINITIALIZED_AUTOS</key>
				<string>YES_AGGRESSIVE</string>
				<key>GCC_WARN_UNUSED_FUNCTION</key>
				<string>YES</string>
				<key>GCC_WARN_UNUSED_VARIABLE</key>
				<string>YES</string>
				<key>IPHONEOS_DEPLOYMENT_TARGET</key>
				<string>9.0</string>
				<key>MTL_ENABLE_DEBUG_INFO</key>
				<string>YES</string>
				<key>ONLY_ACTIVE_ARCH</key>
				<string>YES</string>
				<key>SDKROOT</key>
				<string>iphoneos</string>
			</dict>
			<key>isa</key>
			<string>XCBuildConfiguration</string>
			<key>name</key>
			<string>Debug</string>
		</dict>
		<key>474F76F51C3AA86500684A59</key>
		<dict>
			<key>buildSettings</key>
			<dict>
				<key>ALWAYS_SEARCH_USER_PATHS</key>
				<string>NO</string>
				<key>CLANG_CXX_LANGUAGE_STANDARD</key>
				<string>gnu++0x</string>
				<key>CLANG_CXX_LIBRARY</key>
				<string>libc++</string>
				<key>CLANG_ENABLE_MODULES</key>
				<string>YES</string>
				<key>CLANG_ENABLE_OBJC_ARC</key>
				<string>YES</string>
				<key>CLANG_WARN_BOOL_CONVERSION</key>
				<string>YES</string>
				<key>CLANG_WARN_CONSTANT_CONVERSION</key>
				<string>YES</string>
				<key>CLANG_WARN_DIRECT_OBJC_ISA_USAGE</key>
				<string>YES_ERROR</string>
				<key>CLANG_WARN_EMPTY_BODY</key>
				<string>YES</string>
				<key>CLANG_WARN_ENUM_CONVERSION</key>
				<string>YES</string>
				<key>CLANG_WARN_INT_CONVERSION</key>
				<string>YES</string>
				<key>CLANG_WARN_OBJC_ROOT_CLASS</key>
				<string>YES_ERROR</string>
				<key>CLANG_WARN_UNREACHABLE_CODE</key>
				<string>YES</string>
				<key>CLANG_WARN__DUPLICATE_METHOD_MATCH</key>
				<string>YES</string>
				<key>CODE_SIGN_IDENTITY[sdk=iphoneos*]</key>
				<string>iPhone Developer</string>
				<key>COPY_PHASE_STRIP</key>
				<string>NO</string>
				<key>DEBUG_INFORMATION_FORMAT</key>
				<string>dwarf-with-dsym</string>
				<key>ENABLE_NS_ASSERTIONS</key>
				<string>NO</string>
				<key>ENABLE_STRICT_OBJC_MSGSEND</key>
				<string>YES</string>
				<key>GCC_C_LANGUAGE_STANDARD</key>
				<string>gnu99</string>
				<key>GCC_NO_COMMON_BLOCKS</key>
				<string>YES</string>
				<key>GCC_WARN_64_TO_32_BIT_CONVERSION</key>
				<string>YES</string>
				<key>GCC_WARN_ABOUT_RETURN_TYPE</key>
				<string>YES_ERROR</string>
				<key>GCC_WARN_UNDECLARED_SELECTOR</key>
				<string>YES</string>
				<key>GCC_WARN_UNINITIALIZED_AUTOS</key>
				<string>YES_AGGRESSIVE</string>
				<key>GCC_WARN_UNUSED_FUNCTION</key>
				<string>YES</string>
				<key>GCC_WARN_UNUSED_VARIABLE</key>
				<string>YES</string>
				<key>IPHONEOS_DEPLOYMENT_TARGET</key>
				<string>9.0</string>
				<key>MTL_ENABLE_DEBUG_INFO</key>
				<string>NO</string>
				<key>SDKROOT</key>
				<string>iphoneos</string>
				<key>VALIDATE_PRODUCT</key>
				<string>YES</string>
			</dict>
			<key>isa</key>
			<string>XCBuildConfiguration</string>
			<key>name</key>
			<string>Release</string>
		</dict>
		<key>474F76F61C3AA86500684A59</key>
		<dict>
			<key>buildConfigurations</key>
			<array>
				<string>474F76F71C3AA86500684A59</string>
				<string>474F76F81C3AA86500684A59</string>
			</array>
			<key>defaultConfigurationIsVisible</key>
			<string>0</string>
			<key>isa</key>
			<string>XCConfigurationList</string>
		</dict>
		<key>474F76F71C3AA86500684A59</key>
		<dict>
			<key>baseConfigurationReference</key>
			<string>EADC7C68C326F9F19C43B2B6</string>
			<key>buildSettings</key>
			<dict>
				<key>ASSETCATALOG_COMPILER_APPICON_NAME</key>
				<string>AppIcon</string>
				<key>INFOPLIST_FILE</key>
				<string>TransactionApp/Info.plist</string>
				<key>IPHONEOS_DEPLOYMENT_TARGET</key>
				<string>9.0</string>
				<key>LD_RUNPATH_SEARCH_PATHS</key>
				<string>$(inherited) @executable_path/Frameworks</string>
				<key>PRODUCT_BUNDLE_IDENTIFIER</key>
				<string>Mihai.com.app.TransactionApp</string>
				<key>PRODUCT_NAME</key>
				<string>$(TARGET_NAME)</string>
			</dict>
			<key>isa</key>
			<string>XCBuildConfiguration</string>
			<key>name</key>
			<string>Debug</string>
		</dict>
		<key>474F76F81C3AA86500684A59</key>
		<dict>
			<key>baseConfigurationReference</key>
			<string>A54EFF4003BDC21445730F6F</string>
			<key>buildSettings</key>
			<dict>
				<key>ASSETCATALOG_COMPILER_APPICON_NAME</key>
				<string>AppIcon</string>
				<key>INFOPLIST_FILE</key>
				<string>TransactionApp/Info.plist</string>
				<key>IPHONEOS_DEPLOYMENT_TARGET</key>
				<string>9.0</string>
				<key>LD_RUNPATH_SEARCH_PATHS</key>
				<string>$(inherited) @executable_path/Frameworks</string>
				<key>PRODUCT_BUNDLE_IDENTIFIER</key>
				<string>Mihai.com.app.TransactionApp</string>
				<key>PRODUCT_NAME</key>
				<string>$(TARGET_NAME)</string>
			</dict>
			<key>isa</key>
			<string>XCBuildConfiguration</string>
			<key>name</key>
			<string>Release</string>
		</dict>
		<key>474F76F91C3AA86500684A59</key>
		<dict>
			<key>buildConfigurations</key>
			<array>
				<string>474F76FA1C3AA86500684A59</string>
				<string>474F76FB1C3AA86500684A59</string>
			</array>
			<key>defaultConfigurationIsVisible</key>
			<string>0</string>
			<key>isa</key>
			<string>XCConfigurationList</string>
		</dict>
		<key>474F76FA1C3AA86500684A59</key>
		<dict>
			<key>buildSettings</key>
			<dict>
				<key>BUNDLE_LOADER</key>
				<string>$(TEST_HOST)</string>
				<key>INFOPLIST_FILE</key>
				<string>TransactionAppTests/Info.plist</string>
				<key>LD_RUNPATH_SEARCH_PATHS</key>
				<string>$(inherited) @executable_path/Frameworks @loader_path/Frameworks</string>
				<key>PRODUCT_BUNDLE_IDENTIFIER</key>
				<string>Mihai.com.app.TransactionAppTests</string>
				<key>PRODUCT_NAME</key>
				<string>$(TARGET_NAME)</string>
				<key>TEST_HOST</key>
				<string>$(BUILT_PRODUCTS_DIR)/TransactionApp.app/TransactionApp</string>
			</dict>
			<key>isa</key>
			<string>XCBuildConfiguration</string>
			<key>name</key>
			<string>Debug</string>
		</dict>
		<key>474F76FB1C3AA86500684A59</key>
		<dict>
			<key>buildSettings</key>
			<dict>
				<key>BUNDLE_LOADER</key>
				<string>$(TEST_HOST)</string>
				<key>INFOPLIST_FILE</key>
				<string>TransactionAppTests/Info.plist</string>
				<key>LD_RUNPATH_SEARCH_PATHS</key>
				<string>$(inherited) @executable_path/Frameworks @loader_path/Frameworks</string>
				<key>PRODUCT_BUNDLE_IDENTIFIER</key>
				<string>Mihai.com.app.TransactionAppTests</string>
				<key>PRODUCT_NAME</key>
				<string>$(TARGET_NAME)</string>
				<key>TEST_HOST</key>
				<string>$(BUILT_PRODUCTS_DIR)/TransactionApp.app/TransactionApp</string>
			</dict>
			<key>isa</key>
			<string>XCBuildConfiguration</string>
			<key>name</key>
			<string>Release</string>
		</dict>
		<key>474F76FC1C3AA86500684A59</key>
		<dict>
			<key>buildConfigurations</key>
			<array>
				<string>474F76FD1C3AA86500684A59</string>
				<string>474F76FE1C3AA86500684A59</string>
			</array>
			<key>defaultConfigurationIsVisible</key>
			<string>0</string>
			<key>isa</key>
			<string>XCConfigurationList</string>
		</dict>
		<key>474F76FD1C3AA86500684A59</key>
		<dict>
			<key>buildSettings</key>
			<dict>
				<key>INFOPLIST_FILE</key>
				<string>TransactionAppUITests/Info.plist</string>
				<key>LD_RUNPATH_SEARCH_PATHS</key>
				<string>$(inherited) @executable_path/Frameworks @loader_path/Frameworks</string>
				<key>PRODUCT_BUNDLE_IDENTIFIER</key>
				<string>Mihai.com.app.TransactionAppUITests</string>
				<key>PRODUCT_NAME</key>
				<string>$(TARGET_NAME)</string>
				<key>TEST_TARGET_NAME</key>
				<string>TransactionApp</string>
				<key>USES_XCTRUNNER</key>
				<string>YES</string>
			</dict>
			<key>isa</key>
			<string>XCBuildConfiguration</string>
			<key>name</key>
			<string>Debug</string>
		</dict>
		<key>474F76FE1C3AA86500684A59</key>
		<dict>
			<key>buildSettings</key>
			<dict>
				<key>INFOPLIST_FILE</key>
				<string>TransactionAppUITests/Info.plist</string>
				<key>LD_RUNPATH_SEARCH_PATHS</key>
				<string>$(inherited) @executable_path/Frameworks @loader_path/Frameworks</string>
				<key>PRODUCT_BUNDLE_IDENTIFIER</key>
				<string>Mihai.com.app.TransactionAppUITests</string>
				<key>PRODUCT_NAME</key>
				<string>$(TARGET_NAME)</string>
				<key>TEST_TARGET_NAME</key>
				<string>TransactionApp</string>
				<key>USES_XCTRUNNER</key>
				<string>YES</string>
			</dict>
			<key>isa</key>
			<string>XCBuildConfiguration</string>
			<key>name</key>
			<string>Release</string>
		</dict>
		<key>474F76FF1C3AA90E00684A59</key>
		<dict>
			<key>fileEncoding</key>
			<string>4</string>
			<key>isa</key>
			<string>PBXFileReference</string>
			<key>lastKnownFileType</key>
			<string>sourcecode.c.h</string>
			<key>path</key>
			<string>ViewController2.h</string>
			<key>sourceTree</key>
			<string>&lt;group&gt;</string>
		</dict>
		<key>474F77001C3AA90E00684A59</key>
		<dict>
			<key>fileEncoding</key>
			<string>4</string>
			<key>isa</key>
			<string>PBXFileReference</string>
			<key>lastKnownFileType</key>
			<string>sourcecode.c.objc</string>
			<key>path</key>
			<string>ViewController2.m</string>
			<key>sourceTree</key>
			<string>&lt;group&gt;</string>
		</dict>
		<key>474F77011C3AA90E00684A59</key>
		<dict>
			<key>fileRef</key>
			<string>474F77001C3AA90E00684A59</string>
			<key>isa</key>
			<string>PBXBuildFile</string>
		</dict>
		<key>A54EFF4003BDC21445730F6F</key>
		<dict>
			<key>includeInIndex</key>
			<string>1</string>
			<key>isa</key>
			<string>PBXFileReference</string>
			<key>lastKnownFileType</key>
			<string>text.xcconfig</string>
			<key>name</key>
			<string>Pods-TransactionApp.release.xcconfig</string>
			<key>path</key>
			<string>Pods/Target Support Files/Pods-TransactionApp/Pods-TransactionApp.release.xcconfig</string>
			<key>sourceTree</key>
			<string>&lt;group&gt;</string>
		</dict>
		<key>A88EF289A40B59877A4B6F57</key>
		<dict>
			<key>buildActionMask</key>
			<string>2147483647</string>
			<key>files</key>
			<array/>
			<key>inputPaths</key>
			<array/>
			<key>isa</key>
			<string>PBXShellScriptBuildPhase</string>
			<key>name</key>
			<string>Embed Pods Frameworks</string>
			<key>outputPaths</key>
			<array/>
			<key>runOnlyForDeploymentPostprocessing</key>
			<string>0</string>
			<key>shellPath</key>
			<string>/bin/sh</string>
			<key>shellScript</key>
			<string>"${SRCROOT}/Pods/Target Support Files/Pods-TransactionApp/Pods-TransactionApp-frameworks.sh"
</string>
			<key>showEnvVarsInLog</key>
			<string>0</string>
		</dict>
		<key>CDF6EC2C8D46F1DA89406F48</key>
		<dict>
			<key>explicitFileType</key>
			<string>archive.ar</string>
			<key>includeInIndex</key>
			<string>0</string>
			<key>isa</key>
			<string>PBXFileReference</string>
			<key>path</key>
			<string>libPods-TransactionApp.a</string>
			<key>sourceTree</key>
			<string>BUILT_PRODUCTS_DIR</string>
		</dict>
		<key>E22219DA6589C6C9805FF665</key>
		<dict>
			<key>children</key>
			<array>
				<string>EADC7C68C326F9F19C43B2B6</string>
				<string>A54EFF4003BDC21445730F6F</string>
			</array>
			<key>isa</key>
			<string>PBXGroup</string>
			<key>name</key>
			<string>Pods</string>
			<key>sourceTree</key>
			<string>&lt;group&gt;</string>
		</dict>
		<key>EADC7C68C326F9F19C43B2B6</key>
		<dict>
			<key>includeInIndex</key>
			<string>1</string>
			<key>isa</key>
			<string>PBXFileReference</string>
			<key>lastKnownFileType</key>
			<string>text.xcconfig</string>
			<key>name</key>
			<string>Pods-TransactionApp.debug.xcconfig</string>
			<key>path</key>
			<string>Pods/Target Support Files/Pods-TransactionApp/Pods-TransactionApp.debug.xcconfig</string>
			<key>sourceTree</key>
			<string>&lt;group&gt;</string>
		</dict>
	</dict>
	<key>rootObject</key>
	<string>474F76C11C3AA86500684A59</string>
</dict>
</plist>
